
Microsoft Visual Studio Solution File, Format Version 12.00
# Visual Studio Version 17
VisualStudioVersion = 17.4.33205.214
MinimumVisualStudioVersion = 10.0.40219.1
Project("{2150E333-8FDC-42A3-9474-1A3956D46DE8}") = "src", "src", "{6840C733-FFAE-4277-A13C-EF3F591EB582}"
EndProject
Project("{2150E333-8FDC-42A3-9474-1A3956D46DE8}") = "test", "test", "{1F781013-F665-478D-A385-0B30A026CBF5}"
EndProject
Project("{9A19103F-16F7-4668-BE54-9A1E7A4F7556}") = "Uzbekgram.Web", "src\Uzbekgram.Web\Uzbekgram.Web.csproj", "{3EDBC2D0-BC05-4114-A12D-093ADA84DF81}"
EndProject
Project("{9A19103F-16F7-4668-BE54-9A1E7A4F7556}") = "Uzbekgram.Domain", "src\Uzbekgram.Domain\Uzbekgram.Domain.csproj", "{395F96F3-ADB4-4671-83AA-D8D3AB6291B2}"
EndProject
Project("{9A19103F-16F7-4668-BE54-9A1E7A4F7556}") = "Uzbekgram.DataAccess", "src\Uzbekgram.DataAccess\Uzbekgram.DataAccess.csproj", "{176A8831-6B80-4E19-9963-C187978A01E9}"
EndProject
Project("{9A19103F-16F7-4668-BE54-9A1E7A4F7556}") = "Uzbekgram.Service", "src\Uzbekgram.Service\Uzbekgram.Service.csproj", "{3CD4BE47-BBB9-4B9F-811B-CF33ED20F342}"
EndProject
Project("{9A19103F-16F7-4668-BE54-9A1E7A4F7556}") = "Uzbekgram.UnitTest", "test\Uzbekgram.UnitTest\Uzbekgram.UnitTest.csproj", "{348D7815-74F8-4897-8617-C9D9CDF797F4}"
EndProject
Project("{9A19103F-16F7-4668-BE54-9A1E7A4F7556}") = "Uzbekgram.IntegrationTest", "test\Uzbekgram.IntegrationTest\Uzbekgram.IntegrationTest.csproj", "{2117C510-8767-4834-9BF9-64FFCFE0E8FD}"
EndProject
Global
	GlobalSection(SolutionConfigurationPlatforms) = preSolution
		Debug|Any CPU = Debug|Any CPU
		Release|Any CPU = Release|Any CPU
	EndGlobalSection
	GlobalSection(ProjectConfigurationPlatforms) = postSolution
		{3EDBC2D0-BC05-4114-A12D-093ADA84DF81}.Debug|Any CPU.ActiveCfg = Debug|Any CPU
		{3EDBC2D0-BC05-4114-A12D-093ADA84DF81}.Debug|Any CPU.Build.0 = Debug|Any CPU
		{3EDBC2D0-BC05-4114-A12D-093ADA84DF81}.Release|Any CPU.ActiveCfg = Release|Any CPU
		{3EDBC2D0-BC05-4114-A12D-093ADA84DF81}.Release|Any CPU.Build.0 = Release|Any CPU
		{395F96F3-ADB4-4671-83AA-D8D3AB6291B2}.Debug|Any CPU.ActiveCfg = Debug|Any CPU
		{395F96F3-ADB4-4671-83AA-D8D3AB6291B2}.Debug|Any CPU.Build.0 = Debug|Any CPU
		{395F96F3-ADB4-4671-83AA-D8D3AB6291B2}.Release|Any CPU.ActiveCfg = Release|Any CPU
		{395F96F3-ADB4-4671-83AA-D8D3AB6291B2}.Release|Any CPU.Build.0 = Release|Any CPU
		{176A8831-6B80-4E19-9963-C187978A01E9}.Debug|Any CPU.ActiveCfg = Debug|Any CPU
		{176A8831-6B80-4E19-9963-C187978A01E9}.Debug|Any CPU.Build.0 = Debug|Any CPU
		{176A8831-6B80-4E19-9963-C187978A01E9}.Release|Any CPU.ActiveCfg = Release|Any CPU
		{176A8831-6B80-4E19-9963-C187978A01E9}.Release|Any CPU.Build.0 = Release|Any CPU
		{3CD4BE47-BBB9-4B9F-811B-CF33ED20F342}.Debug|Any CPU.ActiveCfg = Debug|Any CPU
		{3CD4BE47-BBB9-4B9F-811B-CF33ED20F342}.Debug|Any CPU.Build.0 = Debug|Any CPU
		{3CD4BE47-BBB9-4B9F-811B-CF33ED20F342}.Release|Any CPU.ActiveCfg = Release|Any CPU
		{3CD4BE47-BBB9-4B9F-811B-CF33ED20F342}.Release|Any CPU.Build.0 = Release|Any CPU
		{348D7815-74F8-4897-8617-C9D9CDF797F4}.Debug|Any CPU.ActiveCfg = Debug|Any CPU
		{348D7815-74F8-4897-8617-C9D9CDF797F4}.Debug|Any CPU.Build.0 = Debug|Any CPU
		{348D7815-74F8-4897-8617-C9D9CDF797F4}.Release|Any CPU.ActiveCfg = Release|Any CPU
		{348D7815-74F8-4897-8617-C9D9CDF797F4}.Release|Any CPU.Build.0 = Release|Any CPU
		{2117C510-8767-4834-9BF9-64FFCFE0E8FD}.Debug|Any CPU.ActiveCfg = Debug|Any CPU
		{2117C510-8767-4834-9BF9-64FFCFE0E8FD}.Debug|Any CPU.Build.0 = Debug|Any CPU
		{2117C510-8767-4834-9BF9-64FFCFE0E8FD}.Release|Any CPU.ActiveCfg = Release|Any CPU
		{2117C510-8767-4834-9BF9-64FFCFE0E8FD}.Release|Any CPU.Build.0 = Release|Any CPU
	EndGlobalSection
	GlobalSection(SolutionProperties) = preSolution
		HideSolutionNode = FALSE
	EndGlobalSection
	GlobalSection(NestedProjects) = preSolution
		{3EDBC2D0-BC05-4114-A12D-093ADA84DF81} = {6840C733-FFAE-4277-A13C-EF3F591EB582}
		{395F96F3-ADB4-4671-83AA-D8D3AB6291B2} = {6840C733-FFAE-4277-A13C-EF3F591EB582}
		{176A8831-6B80-4E19-9963-C187978A01E9} = {6840C733-FFAE-4277-A13C-EF3F591EB582}
		{3CD4BE47-BBB9-4B9F-811B-CF33ED20F342} = {6840C733-FFAE-4277-A13C-EF3F591EB582}
		{348D7815-74F8-4897-8617-C9D9CDF797F4} = {1F781013-F665-478D-A385-0B30A026CBF5}
		{2117C510-8767-4834-9BF9-64FFCFE0E8FD} = {1F781013-F665-478D-A385-0B30A026CBF5}
	EndGlobalSection
	GlobalSection(ExtensibilityGlobals) = postSolution
		SolutionGuid = {59AF74C8-CBC7-4E72-A967-1D54C7E020CC}
	EndGlobalSection
EndGlobal
